
Microsoft Visual Studio Solution File, Format Version 12.00
# Visual Studio 2012
Project("{FAE04EC0-301F-11D3-BF4B-00C04F79EFBC}") = "crypt4crack", "crypt4crack\crypt4crack.csproj", "{291767C5-808C-492C-8E68-B75B99BFD9D2}"
EndProject
Global
	GlobalSection(SolutionConfigurationPlatforms) = preSolution
		Debug|x86 = Debug|x86
		Release|x86 = Release|x86
	EndGlobalSection
	GlobalSection(ProjectConfigurationPlatforms) = postSolution
		{291767C5-808C-492C-8E68-B75B99BFD9D2}.Debug|x86.ActiveCfg = Debug|x86
		{291767C5-808C-492C-8E68-B75B99BFD9D2}.Debug|x86.Build.0 = Debug|x86
		{291767C5-808C-492C-8E68-B75B99BFD9D2}.Release|x86.ActiveCfg = Release|x86
		{291767C5-808C-492C-8E68-B75B99BFD9D2}.Release|x86.Build.0 = Release|x86
	EndGlobalSection
EndGlobal
